// !$*UTF8*$!
{
	archiveVersion = 1;
	classes = {
	};
	objectVersion = 55;
	objects = {

/* Begin PBXBuildFile section */
		53ED07272A32060200F6B657 /* remote_config_defaults.plist in Resources */ = {isa = PBXBuildFile; fileRef = 53ED07262A32060200F6B657 /* remote_config_defaults.plist */; };
		53ED07292A3206CC00F6B657 /* GoogleService-Info.plist in Resources */ = {isa = PBXBuildFile; fileRef = 53ED07282A3206CC00F6B657 /* GoogleService-Info.plist */; };
		53ED072B2A320E5900F6B657 /* ShadowView.swift in Sources */ = {isa = PBXBuildFile; fileRef = 53ED072A2A320E5800F6B657 /* ShadowView.swift */; };
		E8299C5A2900A47700F036B3 /* DetailViewController.swift in Sources */ = {isa = PBXBuildFile; fileRef = E8299C592900A47700F036B3 /* DetailViewController.swift */; };
		E87D1DA12902BC100028EDA9 /* Color.swift in Sources */ = {isa = PBXBuildFile; fileRef = E87D1DA02902BC100028EDA9 /* Color.swift */; };
		E87D1DA3290405550028EDA9 /* GenreCollectionViewCell.swift in Sources */ = {isa = PBXBuildFile; fileRef = E87D1DA2290405550028EDA9 /* GenreCollectionViewCell.swift */; };
		E87D1DA529043A760028EDA9 /* MovieAnalysticsManager.swift in Sources */ = {isa = PBXBuildFile; fileRef = E87D1DA429043A760028EDA9 /* MovieAnalysticsManager.swift */; };
		E87D1DA82904406E0028EDA9 /* FirebaseMessaging in Frameworks */ = {isa = PBXBuildFile; productRef = E87D1DA72904406E0028EDA9 /* FirebaseMessaging */; };
		E87D1DAA2904481F0028EDA9 /* MovieNotificationManager.swift in Sources */ = {isa = PBXBuildFile; fileRef = E87D1DA92904481F0028EDA9 /* MovieNotificationManager.swift */; };
		E87D1DAC29044FCE0028EDA9 /* HomeViewModel.swift in Sources */ = {isa = PBXBuildFile; fileRef = E87D1DAB29044FCE0028EDA9 /* HomeViewModel.swift */; };
		E87D1DAE2904942A0028EDA9 /* DetailViewModel.swift in Sources */ = {isa = PBXBuildFile; fileRef = E87D1DAD2904942A0028EDA9 /* DetailViewModel.swift */; };
		E8DE8F0A28FD4A470037598C /* AppDelegate.swift in Sources */ = {isa = PBXBuildFile; fileRef = E8DE8F0928FD4A470037598C /* AppDelegate.swift */; };
		E8DE8F0C28FD4A470037598C /* SceneDelegate.swift in Sources */ = {isa = PBXBuildFile; fileRef = E8DE8F0B28FD4A470037598C /* SceneDelegate.swift */; };
		E8DE8F0E28FD4A470037598C /* HomeViewController.swift in Sources */ = {isa = PBXBuildFile; fileRef = E8DE8F0D28FD4A470037598C /* HomeViewController.swift */; };
		E8DE8F1328FD4A480037598C /* Assets.xcassets in Resources */ = {isa = PBXBuildFile; fileRef = E8DE8F1228FD4A480037598C /* Assets.xcassets */; };
		E8DE8F1628FD4A480037598C /* LaunchScreen.storyboard in Resources */ = {isa = PBXBuildFile; fileRef = E8DE8F1428FD4A480037598C /* LaunchScreen.storyboard */; };
		E8DE8F2028FD6EEE0037598C /* SplashViewController.swift in Sources */ = {isa = PBXBuildFile; fileRef = E8DE8F1F28FD6EEE0037598C /* SplashViewController.swift */; };
		E8DE8F2328FD717C0037598C /* SnapKit in Frameworks */ = {isa = PBXBuildFile; productRef = E8DE8F2228FD717C0037598C /* SnapKit */; };
		E8DE8F2628FD718C0037598C /* Alamofire in Frameworks */ = {isa = PBXBuildFile; productRef = E8DE8F2528FD718C0037598C /* Alamofire */; };
		E8DE8F2928FD71CC0037598C /* Kingfisher in Frameworks */ = {isa = PBXBuildFile; productRef = E8DE8F2828FD71CC0037598C /* Kingfisher */; };
		E8DE8F2C28FD76A40037598C /* UIViewController+Extension.swift in Sources */ = {isa = PBXBuildFile; fileRef = E8DE8F2B28FD76A40037598C /* UIViewController+Extension.swift */; };
		E8DE8F2E28FD7F150037598C /* Connectivity.swift in Sources */ = {isa = PBXBuildFile; fileRef = E8DE8F2D28FD7F150037598C /* Connectivity.swift */; };
		E8DE8F3328FD8FB60037598C /* FirebaseAnalytics in Frameworks */ = {isa = PBXBuildFile; productRef = E8DE8F3228FD8FB60037598C /* FirebaseAnalytics */; };
		E8DE8F3528FD8FB60037598C /* FirebaseRemoteConfig in Frameworks */ = {isa = PBXBuildFile; productRef = E8DE8F3428FD8FB60037598C /* FirebaseRemoteConfig */; };
		E8DE8F3B28FD959F0037598C /* SplashViewModel.swift in Sources */ = {isa = PBXBuildFile; fileRef = E8DE8F3A28FD959F0037598C /* SplashViewModel.swift */; };
		E8DE8F4028FDA9030037598C /* Firebase+Extensions.swift in Sources */ = {isa = PBXBuildFile; fileRef = E8DE8F3F28FDA9030037598C /* Firebase+Extensions.swift */; };
		E8DE8F4328FDA9300037598C /* Enums.swift in Sources */ = {isa = PBXBuildFile; fileRef = E8DE8F4228FDA9300037598C /* Enums.swift */; };
		E8DE8F4C28FDED320037598C /* MovieTableViewCell.swift in Sources */ = {isa = PBXBuildFile; fileRef = E8DE8F4B28FDED320037598C /* MovieTableViewCell.swift */; };
		E8DE8F4E28FDEEC80037598C /* Endpoint.swift in Sources */ = {isa = PBXBuildFile; fileRef = E8DE8F4D28FDEEC80037598C /* Endpoint.swift */; };
		E8DE8F5228FDEFC50037598C /* NetworkManager.swift in Sources */ = {isa = PBXBuildFile; fileRef = E8DE8F5128FDEFC50037598C /* NetworkManager.swift */; };
		E8DE8F5428FDF4690037598C /* SearchMovieModel.swift in Sources */ = {isa = PBXBuildFile; fileRef = E8DE8F5328FDF4690037598C /* SearchMovieModel.swift */; };
		E8DE8F5628FDF8F00037598C /* MovieDetailModel.swift in Sources */ = {isa = PBXBuildFile; fileRef = E8DE8F5528FDF8F00037598C /* MovieDetailModel.swift */; };
		E8DE8F5828FF05C40037598C /* MovieError.swift in Sources */ = {isa = PBXBuildFile; fileRef = E8DE8F5728FF05C40037598C /* MovieError.swift */; };
/* End PBXBuildFile section */

/* Begin PBXContainerItemProxy section */
		E87D1DB7290589310028EDA9 /* PBXContainerItemProxy */ = {
			isa = PBXContainerItemProxy;
			containerPortal = E8DE8EFE28FD4A470037598C /* Project object */;
			proxyType = 1;
			remoteGlobalIDString = E8DE8F0528FD4A470037598C;
			remoteInfo = MovieApp;
		};
/* End PBXContainerItemProxy section */

/* Begin PBXFileReference section */
		538002022A30593D003246E6 /* MovieApp.entitlements */ = {isa = PBXFileReference; lastKnownFileType = text.plist.entitlements; path = MovieApp.entitlements; sourceTree = "<group>"; };
		53ED07262A32060200F6B657 /* remote_config_defaults.plist */ = {isa = PBXFileReference; fileEncoding = 4; lastKnownFileType = text.plist.xml; path = remote_config_defaults.plist; sourceTree = "<group>"; };
		53ED07282A3206CC00F6B657 /* GoogleService-Info.plist */ = {isa = PBXFileReference; fileEncoding = 4; lastKnownFileType = text.plist.xml; path = "GoogleService-Info.plist"; sourceTree = "<group>"; };
		53ED072A2A320E5800F6B657 /* ShadowView.swift */ = {isa = PBXFileReference; lastKnownFileType = sourcecode.swift; path = ShadowView.swift; sourceTree = "<group>"; };
		E8299C592900A47700F036B3 /* DetailViewController.swift */ = {isa = PBXFileReference; lastKnownFileType = sourcecode.swift; path = DetailViewController.swift; sourceTree = "<group>"; };
		E87D1DA02902BC100028EDA9 /* Color.swift */ = {isa = PBXFileReference; lastKnownFileType = sourcecode.swift; path = Color.swift; sourceTree = "<group>"; };
		E87D1DA2290405550028EDA9 /* GenreCollectionViewCell.swift */ = {isa = PBXFileReference; lastKnownFileType = sourcecode.swift; path = GenreCollectionViewCell.swift; sourceTree = "<group>"; };
		E87D1DA429043A760028EDA9 /* MovieAnalysticsManager.swift */ = {isa = PBXFileReference; lastKnownFileType = sourcecode.swift; path = MovieAnalysticsManager.swift; sourceTree = "<group>"; };
		E87D1DA92904481F0028EDA9 /* MovieNotificationManager.swift */ = {isa = PBXFileReference; lastKnownFileType = sourcecode.swift; path = MovieNotificationManager.swift; sourceTree = "<group>"; };
		E87D1DAB29044FCE0028EDA9 /* HomeViewModel.swift */ = {isa = PBXFileReference; lastKnownFileType = sourcecode.swift; path = HomeViewModel.swift; sourceTree = "<group>"; };
		E87D1DAD2904942A0028EDA9 /* DetailViewModel.swift */ = {isa = PBXFileReference; lastKnownFileType = sourcecode.swift; path = DetailViewModel.swift; sourceTree = "<group>"; };
		E87D1DB3290589310028EDA9 /* MovieAppTests.xctest */ = {isa = PBXFileReference; explicitFileType = wrapper.cfbundle; includeInIndex = 0; path = MovieAppTests.xctest; sourceTree = BUILT_PRODUCTS_DIR; };
		E8DE8F0628FD4A470037598C /* MovieApp.app */ = {isa = PBXFileReference; explicitFileType = wrapper.application; includeInIndex = 0; path = MovieApp.app; sourceTree = BUILT_PRODUCTS_DIR; };
		E8DE8F0928FD4A470037598C /* AppDelegate.swift */ = {isa = PBXFileReference; lastKnownFileType = sourcecode.swift; path = AppDelegate.swift; sourceTree = "<group>"; };
		E8DE8F0B28FD4A470037598C /* SceneDelegate.swift */ = {isa = PBXFileReference; lastKnownFileType = sourcecode.swift; path = SceneDelegate.swift; sourceTree = "<group>"; };
		E8DE8F0D28FD4A470037598C /* HomeViewController.swift */ = {isa = PBXFileReference; lastKnownFileType = sourcecode.swift; path = HomeViewController.swift; sourceTree = "<group>"; };
		E8DE8F1228FD4A480037598C /* Assets.xcassets */ = {isa = PBXFileReference; lastKnownFileType = folder.assetcatalog; path = Assets.xcassets; sourceTree = "<group>"; };
		E8DE8F1528FD4A480037598C /* Base */ = {isa = PBXFileReference; lastKnownFileType = file.storyboard; name = Base; path = Base.lproj/LaunchScreen.storyboard; sourceTree = "<group>"; };
		E8DE8F1728FD4A480037598C /* Info.plist */ = {isa = PBXFileReference; lastKnownFileType = text.plist.xml; path = Info.plist; sourceTree = "<group>"; };
		E8DE8F1F28FD6EEE0037598C /* SplashViewController.swift */ = {isa = PBXFileReference; lastKnownFileType = sourcecode.swift; path = SplashViewController.swift; sourceTree = "<group>"; };
		E8DE8F2B28FD76A40037598C /* UIViewController+Extension.swift */ = {isa = PBXFileReference; lastKnownFileType = sourcecode.swift; path = "UIViewController+Extension.swift"; sourceTree = "<group>"; };
		E8DE8F2D28FD7F150037598C /* Connectivity.swift */ = {isa = PBXFileReference; lastKnownFileType = sourcecode.swift; path = Connectivity.swift; sourceTree = "<group>"; };
		E8DE8F3A28FD959F0037598C /* SplashViewModel.swift */ = {isa = PBXFileReference; lastKnownFileType = sourcecode.swift; path = SplashViewModel.swift; sourceTree = "<group>"; };
		E8DE8F3F28FDA9030037598C /* Firebase+Extensions.swift */ = {isa = PBXFileReference; lastKnownFileType = sourcecode.swift; path = "Firebase+Extensions.swift"; sourceTree = "<group>"; };
		E8DE8F4228FDA9300037598C /* Enums.swift */ = {isa = PBXFileReference; lastKnownFileType = sourcecode.swift; path = Enums.swift; sourceTree = "<group>"; };
		E8DE8F4B28FDED320037598C /* MovieTableViewCell.swift */ = {isa = PBXFileReference; lastKnownFileType = sourcecode.swift; path = MovieTableViewCell.swift; sourceTree = "<group>"; };
		E8DE8F4D28FDEEC80037598C /* Endpoint.swift */ = {isa = PBXFileReference; lastKnownFileType = sourcecode.swift; path = Endpoint.swift; sourceTree = "<group>"; };
		E8DE8F5128FDEFC50037598C /* NetworkManager.swift */ = {isa = PBXFileReference; lastKnownFileType = sourcecode.swift; path = NetworkManager.swift; sourceTree = "<group>"; };
		E8DE8F5328FDF4690037598C /* SearchMovieModel.swift */ = {isa = PBXFileReference; lastKnownFileType = sourcecode.swift; path = SearchMovieModel.swift; sourceTree = "<group>"; };
		E8DE8F5528FDF8F00037598C /* MovieDetailModel.swift */ = {isa = PBXFileReference; lastKnownFileType = sourcecode.swift; path = MovieDetailModel.swift; sourceTree = "<group>"; };
		E8DE8F5728FF05C40037598C /* MovieError.swift */ = {isa = PBXFileReference; lastKnownFileType = sourcecode.swift; path = MovieError.swift; sourceTree = "<group>"; };
/* End PBXFileReference section */

/* Begin PBXFrameworksBuildPhase section */
		E87D1DB0290589310028EDA9 /* Frameworks */ = {
			isa = PBXFrameworksBuildPhase;
			buildActionMask = 2147483647;
			files = (
			);
			runOnlyForDeploymentPostprocessing = 0;
		};
		E8DE8F0328FD4A470037598C /* Frameworks */ = {
			isa = PBXFrameworksBuildPhase;
			buildActionMask = 2147483647;
			files = (
				E87D1DA82904406E0028EDA9 /* FirebaseMessaging in Frameworks */,
				E8DE8F2928FD71CC0037598C /* Kingfisher in Frameworks */,
				E8DE8F2328FD717C0037598C /* SnapKit in Frameworks */,
				E8DE8F3328FD8FB60037598C /* FirebaseAnalytics in Frameworks */,
				E8DE8F2628FD718C0037598C /* Alamofire in Frameworks */,
				E8DE8F3528FD8FB60037598C /* FirebaseRemoteConfig in Frameworks */,
			);
			runOnlyForDeploymentPostprocessing = 0;
		};
/* End PBXFrameworksBuildPhase section */

/* Begin PBXGroup section */
		E8DE8EFD28FD4A470037598C = {
			isa = PBXGroup;
			children = (
				E8DE8F0828FD4A470037598C /* MovieApp */,
				E8DE8F0728FD4A470037598C /* Products */,
			);
			sourceTree = "<group>";
		};
		E8DE8F0728FD4A470037598C /* Products */ = {
			isa = PBXGroup;
			children = (
				E8DE8F0628FD4A470037598C /* MovieApp.app */,
				E87D1DB3290589310028EDA9 /* MovieAppTests.xctest */,
			);
			name = Products;
			sourceTree = "<group>";
		};
		E8DE8F0828FD4A470037598C /* MovieApp */ = {
			isa = PBXGroup;
			children = (
				53ED07282A3206CC00F6B657 /* GoogleService-Info.plist */,
				53ED07262A32060200F6B657 /* remote_config_defaults.plist */,
				E8DE8F1228FD4A480037598C /* Assets.xcassets */,
				E8DE8F1728FD4A480037598C /* Info.plist */,
				538002022A30593D003246E6 /* MovieApp.entitlements */,
				E8DE8F3E28FD95CB0037598C /* Base */,
				E8DE8F4128FDA92A0037598C /* Utils */,
				E8DE8F3D28FD95BB0037598C /* Extensions */,
				E8DE8F3C28FD95B50037598C /* Helpers */,
				E8DE8F4F28FDEF9D0037598C /* Models */,
				E8DE8F5028FDEFB70037598C /* Managers */,
				E8DE8F3628FD94EB0037598C /* Modules */,
				E8DE8F1428FD4A480037598C /* LaunchScreen.storyboard */,
			);
			path = MovieApp;
			sourceTree = "<group>";
		};
		E8DE8F3628FD94EB0037598C /* Modules */ = {
			isa = PBXGroup;
			children = (
				E8DE8F4A28FDED130037598C /* Cells */,
				E8DE8F3728FD94F20037598C /* Splash */,
				E8DE8F3828FD94F80037598C /* Home */,
				E8DE8F3928FD94FD0037598C /* Detail */,
			);
			path = Modules;
			sourceTree = "<group>";
		};
		E8DE8F3728FD94F20037598C /* Splash */ = {
			isa = PBXGroup;
			children = (
				E8DE8F1F28FD6EEE0037598C /* SplashViewController.swift */,
				E8DE8F3A28FD959F0037598C /* SplashViewModel.swift */,
			);
			path = Splash;
			sourceTree = "<group>";
		};
		E8DE8F3828FD94F80037598C /* Home */ = {
			isa = PBXGroup;
			children = (
				E8DE8F0D28FD4A470037598C /* HomeViewController.swift */,
				E87D1DAB29044FCE0028EDA9 /* HomeViewModel.swift */,
			);
			path = Home;
			sourceTree = "<group>";
		};
		E8DE8F3928FD94FD0037598C /* Detail */ = {
			isa = PBXGroup;
			children = (
				E8299C592900A47700F036B3 /* DetailViewController.swift */,
				E87D1DAD2904942A0028EDA9 /* DetailViewModel.swift */,
			);
			path = Detail;
			sourceTree = "<group>";
		};
		E8DE8F3C28FD95B50037598C /* Helpers */ = {
			isa = PBXGroup;
			children = (
				E8DE8F2D28FD7F150037598C /* Connectivity.swift */,
			);
			path = Helpers;
			sourceTree = "<group>";
		};
		E8DE8F3D28FD95BB0037598C /* Extensions */ = {
			isa = PBXGroup;
			children = (
				E8DE8F2B28FD76A40037598C /* UIViewController+Extension.swift */,
				E8DE8F3F28FDA9030037598C /* Firebase+Extensions.swift */,
			);
			path = Extensions;
			sourceTree = "<group>";
		};
		E8DE8F3E28FD95CB0037598C /* Base */ = {
			isa = PBXGroup;
			children = (
				E8DE8F0928FD4A470037598C /* AppDelegate.swift */,
				E8DE8F0B28FD4A470037598C /* SceneDelegate.swift */,
			);
			path = Base;
			sourceTree = "<group>";
		};
		E8DE8F4128FDA92A0037598C /* Utils */ = {
			isa = PBXGroup;
			children = (
				E8DE8F4228FDA9300037598C /* Enums.swift */,
				E8DE8F4D28FDEEC80037598C /* Endpoint.swift */,
				E8DE8F5728FF05C40037598C /* MovieError.swift */,
				E87D1DA02902BC100028EDA9 /* Color.swift */,
				53ED072A2A320E5800F6B657 /* ShadowView.swift */,
			);
			path = Utils;
			sourceTree = "<group>";
		};
		E8DE8F4A28FDED130037598C /* Cells */ = {
			isa = PBXGroup;
			children = (
				E8DE8F4B28FDED320037598C /* MovieTableViewCell.swift */,
				E87D1DA2290405550028EDA9 /* GenreCollectionViewCell.swift */,
			);
			path = Cells;
			sourceTree = "<group>";
		};
		E8DE8F4F28FDEF9D0037598C /* Models */ = {
			isa = PBXGroup;
			children = (
				E8DE8F5328FDF4690037598C /* SearchMovieModel.swift */,
				E8DE8F5528FDF8F00037598C /* MovieDetailModel.swift */,
			);
			path = Models;
			sourceTree = "<group>";
		};
		E8DE8F5028FDEFB70037598C /* Managers */ = {
			isa = PBXGroup;
			children = (
				E8DE8F5128FDEFC50037598C /* NetworkManager.swift */,
				E87D1DA429043A760028EDA9 /* MovieAnalysticsManager.swift */,
				E87D1DA92904481F0028EDA9 /* MovieNotificationManager.swift */,
			);
			path = Managers;
			sourceTree = "<group>";
		};
/* End PBXGroup section */

/* Begin PBXNativeTarget section */
		E87D1DB2290589310028EDA9 /* MovieAppTests */ = {
			isa = PBXNativeTarget;
			buildConfigurationList = E87D1DB9290589310028EDA9 /* Build configuration list for PBXNativeTarget "MovieAppTests" */;
			buildPhases = (
				E87D1DAF290589310028EDA9 /* Sources */,
				E87D1DB0290589310028EDA9 /* Frameworks */,
				E87D1DB1290589310028EDA9 /* Resources */,
			);
			buildRules = (
			);
			dependencies = (
				E87D1DB8290589310028EDA9 /* PBXTargetDependency */,
			);
			name = MovieAppTests;
			productName = MovieAppTests;
			productReference = E87D1DB3290589310028EDA9 /* MovieAppTests.xctest */;
			productType = "com.apple.product-type.bundle.unit-test";
		};
		E8DE8F0528FD4A470037598C /* MovieApp */ = {
			isa = PBXNativeTarget;
			buildConfigurationList = E8DE8F1A28FD4A480037598C /* Build configuration list for PBXNativeTarget "MovieApp" */;
			buildPhases = (
				E8DE8F0228FD4A470037598C /* Sources */,
				E8DE8F0328FD4A470037598C /* Frameworks */,
				E8DE8F0428FD4A470037598C /* Resources */,
			);
			buildRules = (
			);
			dependencies = (
			);
			name = MovieApp;
			packageProductDependencies = (
				E8DE8F2228FD717C0037598C /* SnapKit */,
				E8DE8F2528FD718C0037598C /* Alamofire */,
				E8DE8F2828FD71CC0037598C /* Kingfisher */,
				E8DE8F3228FD8FB60037598C /* FirebaseAnalytics */,
				E8DE8F3428FD8FB60037598C /* FirebaseRemoteConfig */,
				E87D1DA72904406E0028EDA9 /* FirebaseMessaging */,
			);
			productName = MovieApp;
			productReference = E8DE8F0628FD4A470037598C /* MovieApp.app */;
			productType = "com.apple.product-type.application";
		};
/* End PBXNativeTarget section */

/* Begin PBXProject section */
		E8DE8EFE28FD4A470037598C /* Project object */ = {
			isa = PBXProject;
			attributes = {
				BuildIndependentTargetsInParallel = 1;
				LastSwiftUpdateCheck = 1340;
				LastUpgradeCheck = 1340;
				TargetAttributes = {
					E87D1DB2290589310028EDA9 = {
						CreatedOnToolsVersion = 13.4.1;
						TestTargetID = E8DE8F0528FD4A470037598C;
					};
					E8DE8F0528FD4A470037598C = {
						CreatedOnToolsVersion = 13.4.1;
					};
				};
			};
			buildConfigurationList = E8DE8F0128FD4A470037598C /* Build configuration list for PBXProject "MovieApp" */;
			compatibilityVersion = "Xcode 13.0";
			developmentRegion = en;
			hasScannedForEncodings = 0;
			knownRegions = (
				en,
				Base,
			);
			mainGroup = E8DE8EFD28FD4A470037598C;
			packageReferences = (
				E8DE8F2128FD717C0037598C /* XCRemoteSwiftPackageReference "SnapKit" */,
				E8DE8F2428FD718C0037598C /* XCRemoteSwiftPackageReference "Alamofire" */,
				E8DE8F2728FD71CC0037598C /* XCRemoteSwiftPackageReference "Kingfisher" */,
				E8DE8F3128FD8FB60037598C /* XCRemoteSwiftPackageReference "firebase-ios-sdk" */,
				E87D1DA62904406E0028EDA9 /* XCRemoteSwiftPackageReference "firebase-ios-sdk" */,
			);
			productRefGroup = E8DE8F0728FD4A470037598C /* Products */;
			projectDirPath = "";
			projectRoot = "";
			targets = (
				E8DE8F0528FD4A470037598C /* MovieApp */,
				E87D1DB2290589310028EDA9 /* MovieAppTests */,
			);
		};
/* End PBXProject section */

/* Begin PBXResourcesBuildPhase section */
		E87D1DB1290589310028EDA9 /* Resources */ = {
			isa = PBXResourcesBuildPhase;
			buildActionMask = 2147483647;
			files = (
			);
			runOnlyForDeploymentPostprocessing = 0;
		};
		E8DE8F0428FD4A470037598C /* Resources */ = {
			isa = PBXResourcesBuildPhase;
			buildActionMask = 2147483647;
			files = (
				E8DE8F1628FD4A480037598C /* LaunchScreen.storyboard in Resources */,
				53ED07292A3206CC00F6B657 /* GoogleService-Info.plist in Resources */,
				E8DE8F1328FD4A480037598C /* Assets.xcassets in Resources */,
				53ED07272A32060200F6B657 /* remote_config_defaults.plist in Resources */,
			);
			runOnlyForDeploymentPostprocessing = 0;
		};
/* End PBXResourcesBuildPhase section */

/* Begin PBXSourcesBuildPhase section */
		E87D1DAF290589310028EDA9 /* Sources */ = {
			isa = PBXSourcesBuildPhase;
			buildActionMask = 2147483647;
			files = (
			);
			runOnlyForDeploymentPostprocessing = 0;
		};
		E8DE8F0228FD4A470037598C /* Sources */ = {
			isa = PBXSourcesBuildPhase;
			buildActionMask = 2147483647;
			files = (
				E87D1DA12902BC100028EDA9 /* Color.swift in Sources */,
				E87D1DA529043A760028EDA9 /* MovieAnalysticsManager.swift in Sources */,
				E8DE8F5228FDEFC50037598C /* NetworkManager.swift in Sources */,
				E87D1DAA2904481F0028EDA9 /* MovieNotificationManager.swift in Sources */,
				E8DE8F4C28FDED320037598C /* MovieTableViewCell.swift in Sources */,
				E8DE8F4028FDA9030037598C /* Firebase+Extensions.swift in Sources */,
				E8DE8F0E28FD4A470037598C /* HomeViewController.swift in Sources */,
				E8DE8F5828FF05C40037598C /* MovieError.swift in Sources */,
				E8DE8F0A28FD4A470037598C /* AppDelegate.swift in Sources */,
				E87D1DAE2904942A0028EDA9 /* DetailViewModel.swift in Sources */,
				E8DE8F2E28FD7F150037598C /* Connectivity.swift in Sources */,
				E8299C5A2900A47700F036B3 /* DetailViewController.swift in Sources */,
				E8DE8F3B28FD959F0037598C /* SplashViewModel.swift in Sources */,
				53ED072B2A320E5900F6B657 /* ShadowView.swift in Sources */,
				E8DE8F0C28FD4A470037598C /* SceneDelegate.swift in Sources */,
				E8DE8F2C28FD76A40037598C /* UIViewController+Extension.swift in Sources */,
				E8DE8F5428FDF4690037598C /* SearchMovieModel.swift in Sources */,
				E8DE8F4328FDA9300037598C /* Enums.swift in Sources */,
				E87D1DAC29044FCE0028EDA9 /* HomeViewModel.swift in Sources */,
				E8DE8F4E28FDEEC80037598C /* Endpoint.swift in Sources */,
				E8DE8F2028FD6EEE0037598C /* SplashViewController.swift in Sources */,
				E87D1DA3290405550028EDA9 /* GenreCollectionViewCell.swift in Sources */,
				E8DE8F5628FDF8F00037598C /* MovieDetailModel.swift in Sources */,
			);
			runOnlyForDeploymentPostprocessing = 0;
		};
/* End PBXSourcesBuildPhase section */

/* Begin PBXTargetDependency section */
		E87D1DB8290589310028EDA9 /* PBXTargetDependency */ = {
			isa = PBXTargetDependency;
			target = E8DE8F0528FD4A470037598C /* MovieApp */;
			targetProxy = E87D1DB7290589310028EDA9 /* PBXContainerItemProxy */;
		};
/* End PBXTargetDependency section */

/* Begin PBXVariantGroup section */
		E8DE8F1428FD4A480037598C /* LaunchScreen.storyboard */ = {
			isa = PBXVariantGroup;
			children = (
				E8DE8F1528FD4A480037598C /* Base */,
			);
			name = LaunchScreen.storyboard;
			sourceTree = "<group>";
		};
/* End PBXVariantGroup section */

/* Begin XCBuildConfiguration section */
		E87D1DBA290589310028EDA9 /* Debug */ = {
			isa = XCBuildConfiguration;
			buildSettings = {
				BUNDLE_LOADER = "$(TEST_HOST)";
				CODE_SIGN_STYLE = Automatic;
				CURRENT_PROJECT_VERSION = 1;
				DEVELOPMENT_TEAM = PJ9SW5348L;
				GENERATE_INFOPLIST_FILE = YES;
				IPHONEOS_DEPLOYMENT_TARGET = 15.5;
				MARKETING_VERSION = 1.0;
				PRODUCT_BUNDLE_IDENTIFIER = com.mine.MovieAppTests;
				PRODUCT_NAME = "$(TARGET_NAME)";
				SWIFT_EMIT_LOC_STRINGS = NO;
				SWIFT_VERSION = 5.0;
				TARGETED_DEVICE_FAMILY = "1,2";
				TEST_HOST = "$(BUILT_PRODUCTS_DIR)/MovieApp.app/MovieApp";
			};
			name = Debug;
		};
		E87D1DBB290589310028EDA9 /* Release */ = {
			isa = XCBuildConfiguration;
			buildSettings = {
				BUNDLE_LOADER = "$(TEST_HOST)";
				CODE_SIGN_STYLE = Automatic;
				CURRENT_PROJECT_VERSION = 1;
				DEVELOPMENT_TEAM = PJ9SW5348L;
				GENERATE_INFOPLIST_FILE = YES;
				IPHONEOS_DEPLOYMENT_TARGET = 15.5;
				MARKETING_VERSION = 1.0;
				PRODUCT_BUNDLE_IDENTIFIER = com.mine.MovieAppTests;
				PRODUCT_NAME = "$(TARGET_NAME)";
				SWIFT_EMIT_LOC_STRINGS = NO;
				SWIFT_VERSION = 5.0;
				TARGETED_DEVICE_FAMILY = "1,2";
				TEST_HOST = "$(BUILT_PRODUCTS_DIR)/MovieApp.app/MovieApp";
			};
			name = Release;
		};
		E8DE8F1828FD4A480037598C /* Debug */ = {
			isa = XCBuildConfiguration;
			buildSettings = {
				ALWAYS_SEARCH_USER_PATHS = NO;
				CLANG_ANALYZER_NONNULL = YES;
				CLANG_ANALYZER_NUMBER_OBJECT_CONVERSION = YES_AGGRESSIVE;
				CLANG_CXX_LANGUAGE_STANDARD = "gnu++17";
				CLANG_ENABLE_MODULES = YES;
				CLANG_ENABLE_OBJC_ARC = YES;
				CLANG_ENABLE_OBJC_WEAK = YES;
				CLANG_WARN_BLOCK_CAPTURE_AUTORELEASING = YES;
				CLANG_WARN_BOOL_CONVERSION = YES;
				CLANG_WARN_COMMA = YES;
				CLANG_WARN_CONSTANT_CONVERSION = YES;
				CLANG_WARN_DEPRECATED_OBJC_IMPLEMENTATIONS = YES;
				CLANG_WARN_DIRECT_OBJC_ISA_USAGE = YES_ERROR;
				CLANG_WARN_DOCUMENTATION_COMMENTS = YES;
				CLANG_WARN_EMPTY_BODY = YES;
				CLANG_WARN_ENUM_CONVERSION = YES;
				CLANG_WARN_INFINITE_RECURSION = YES;
				CLANG_WARN_INT_CONVERSION = YES;
				CLANG_WARN_NON_LITERAL_NULL_CONVERSION = YES;
				CLANG_WARN_OBJC_IMPLICIT_RETAIN_SELF = YES;
				CLANG_WARN_OBJC_LITERAL_CONVERSION = YES;
				CLANG_WARN_OBJC_ROOT_CLASS = YES_ERROR;
				CLANG_WARN_QUOTED_INCLUDE_IN_FRAMEWORK_HEADER = YES;
				CLANG_WARN_RANGE_LOOP_ANALYSIS = YES;
				CLANG_WARN_STRICT_PROTOTYPES = YES;
				CLANG_WARN_SUSPICIOUS_MOVE = YES;
				CLANG_WARN_UNGUARDED_AVAILABILITY = YES_AGGRESSIVE;
				CLANG_WARN_UNREACHABLE_CODE = YES;
				CLANG_WARN__DUPLICATE_METHOD_MATCH = YES;
				COPY_PHASE_STRIP = NO;
				DEBUG_INFORMATION_FORMAT = dwarf;
				ENABLE_STRICT_OBJC_MSGSEND = YES;
				ENABLE_TESTABILITY = YES;
				GCC_C_LANGUAGE_STANDARD = gnu11;
				GCC_DYNAMIC_NO_PIC = NO;
				GCC_NO_COMMON_BLOCKS = YES;
				GCC_OPTIMIZATION_LEVEL = 0;
				GCC_PREPROCESSOR_DEFINITIONS = (
					"DEBUG=1",
					"$(inherited)",
				);
				GCC_WARN_64_TO_32_BIT_CONVERSION = YES;
				GCC_WARN_ABOUT_RETURN_TYPE = YES_ERROR;
				GCC_WARN_UNDECLARED_SELECTOR = YES;
				GCC_WARN_UNINITIALIZED_AUTOS = YES_AGGRESSIVE;
				GCC_WARN_UNUSED_FUNCTION = YES;
				GCC_WARN_UNUSED_VARIABLE = YES;
				IPHONEOS_DEPLOYMENT_TARGET = 14.0;
				MTL_ENABLE_DEBUG_INFO = INCLUDE_SOURCE;
				MTL_FAST_MATH = YES;
				ONLY_ACTIVE_ARCH = YES;
				SDKROOT = iphoneos;
				SWIFT_ACTIVE_COMPILATION_CONDITIONS = DEBUG;
				SWIFT_OPTIMIZATION_LEVEL = "-Onone";
			};
			name = Debug;
		};
		E8DE8F1928FD4A480037598C /* Release */ = {
			isa = XCBuildConfiguration;
			buildSettings = {
				ALWAYS_SEARCH_USER_PATHS = NO;
				CLANG_ANALYZER_NONNULL = YES;
				CLANG_ANALYZER_NUMBER_OBJECT_CONVERSION = YES_AGGRESSIVE;
				CLANG_CXX_LANGUAGE_STANDARD = "gnu++17";
				CLANG_ENABLE_MODULES = YES;
				CLANG_ENABLE_OBJC_ARC = YES;
				CLANG_ENABLE_OBJC_WEAK = YES;
				CLANG_WARN_BLOCK_CAPTURE_AUTORELEASING = YES;
				CLANG_WARN_BOOL_CONVERSION = YES;
				CLANG_WARN_COMMA = YES;
				CLANG_WARN_CONSTANT_CONVERSION = YES;
				CLANG_WARN_DEPRECATED_OBJC_IMPLEMENTATIONS = YES;
				CLANG_WARN_DIRECT_OBJC_ISA_USAGE = YES_ERROR;
				CLANG_WARN_DOCUMENTATION_COMMENTS = YES;
				CLANG_WARN_EMPTY_BODY = YES;
				CLANG_WARN_ENUM_CONVERSION = YES;
				CLANG_WARN_INFINITE_RECURSION = YES;
				CLANG_WARN_INT_CONVERSION = YES;
				CLANG_WARN_NON_LITERAL_NULL_CONVERSION = YES;
				CLANG_WARN_OBJC_IMPLICIT_RETAIN_SELF = YES;
				CLANG_WARN_OBJC_LITERAL_CONVERSION = YES;
				CLANG_WARN_OBJC_ROOT_CLASS = YES_ERROR;
				CLANG_WARN_QUOTED_INCLUDE_IN_FRAMEWORK_HEADER = YES;
				CLANG_WARN_RANGE_LOOP_ANALYSIS = YES;
				CLANG_WARN_STRICT_PROTOTYPES = YES;
				CLANG_WARN_SUSPICIOUS_MOVE = YES;
				CLANG_WARN_UNGUARDED_AVAILABILITY = YES_AGGRESSIVE;
				CLANG_WARN_UNREACHABLE_CODE = YES;
				CLANG_WARN__DUPLICATE_METHOD_MATCH = YES;
				COPY_PHASE_STRIP = NO;
				DEBUG_INFORMATION_FORMAT = "dwarf-with-dsym";
				ENABLE_NS_ASSERTIONS = NO;
				ENABLE_STRICT_OBJC_MSGSEND = YES;
				GCC_C_LANGUAGE_STANDARD = gnu11;
				GCC_NO_COMMON_BLOCKS = YES;
				GCC_WARN_64_TO_32_BIT_CONVERSION = YES;
				GCC_WARN_ABOUT_RETURN_TYPE = YES_ERROR;
				GCC_WARN_UNDECLARED_SELECTOR = YES;
				GCC_WARN_UNINITIALIZED_AUTOS = YES_AGGRESSIVE;
				GCC_WARN_UNUSED_FUNCTION = YES;
				GCC_WARN_UNUSED_VARIABLE = YES;
				IPHONEOS_DEPLOYMENT_TARGET = 14.0;
				MTL_ENABLE_DEBUG_INFO = NO;
				MTL_FAST_MATH = YES;
				SDKROOT = iphoneos;
				SWIFT_COMPILATION_MODE = wholemodule;
				SWIFT_OPTIMIZATION_LEVEL = "-O";
				VALIDATE_PRODUCT = YES;
			};
			name = Release;
		};
		E8DE8F1B28FD4A480037598C /* Debug */ = {
			isa = XCBuildConfiguration;
			buildSettings = {
				ASSETCATALOG_COMPILER_APPICON_NAME = AppIcon;
				ASSETCATALOG_COMPILER_GLOBAL_ACCENT_COLOR_NAME = AccentColor;
				ASSETCATALOG_COMPILER_INCLUDE_ALL_APPICON_ASSETS = NO;
				CODE_SIGN_ENTITLEMENTS = MovieApp/MovieApp.entitlements;
				CODE_SIGN_STYLE = Automatic;
				CURRENT_PROJECT_VERSION = 1;
				DEVELOPMENT_TEAM = PJ9SW5348L;
				GENERATE_INFOPLIST_FILE = YES;
				INFOPLIST_FILE = MovieApp/Info.plist;
				INFOPLIST_KEY_UIApplicationSupportsIndirectInputEvents = YES;
				INFOPLIST_KEY_UILaunchStoryboardName = LaunchScreen;
				INFOPLIST_KEY_UIMainStoryboardFile = "";
				INFOPLIST_KEY_UISupportedInterfaceOrientations = UIInterfaceOrientationPortrait;
				INFOPLIST_KEY_UISupportedInterfaceOrientations_iPad = "UIInterfaceOrientationLandscapeLeft UIInterfaceOrientationLandscapeRight UIInterfaceOrientationPortrait UIInterfaceOrientationPortraitUpsideDown";
				LD_RUNPATH_SEARCH_PATHS = (
					"$(inherited)",
					"@executable_path/Frameworks",
				);
				MARKETING_VERSION = 1.0;
				PRODUCT_BUNDLE_IDENTIFIER = com.edabarutcu.moviesapp;
				PRODUCT_NAME = "$(TARGET_NAME)";
				SWIFT_EMIT_LOC_STRINGS = YES;
				SWIFT_VERSION = 5.0;
				TARGETED_DEVICE_FAMILY = 1;
			};
			name = Debug;
		};
		E8DE8F1C28FD4A480037598C /* Release */ = {
			isa = XCBuildConfiguration;
			buildSettings = {
				ASSETCATALOG_COMPILER_APPICON_NAME = AppIcon;
				ASSETCATALOG_COMPILER_GLOBAL_ACCENT_COLOR_NAME = AccentColor;
				ASSETCATALOG_COMPILER_INCLUDE_ALL_APPICON_ASSETS = NO;
				CODE_SIGN_ENTITLEMENTS = MovieApp/MovieApp.entitlements;
				CODE_SIGN_STYLE = Automatic;
				CURRENT_PROJECT_VERSION = 1;
				DEVELOPMENT_TEAM = LFZX9FGKB4;
				GENERATE_INFOPLIST_FILE = YES;
				INFOPLIST_FILE = MovieApp/Info.plist;
				INFOPLIST_KEY_UIApplicationSupportsIndirectInputEvents = YES;
				INFOPLIST_KEY_UILaunchStoryboardName = LaunchScreen;
				INFOPLIST_KEY_UIMainStoryboardFile = "";
				INFOPLIST_KEY_UISupportedInterfaceOrientations = UIInterfaceOrientationPortrait;
				INFOPLIST_KEY_UISupportedInterfaceOrientations_iPad = "UIInterfaceOrientationLandscapeLeft UIInterfaceOrientationLandscapeRight UIInterfaceOrientationPortrait UIInterfaceOrientationPortraitUpsideDown";
				LD_RUNPATH_SEARCH_PATHS = (
					"$(inherited)",
					"@executable_path/Frameworks",
				);
				MARKETING_VERSION = 1.0;
				PRODUCT_BUNDLE_IDENTIFIER = com.edabarutcu.moviesapp;
				PRODUCT_NAME = "$(TARGET_NAME)";
				SWIFT_EMIT_LOC_STRINGS = YES;
				SWIFT_VERSION = 5.0;
				TARGETED_DEVICE_FAMILY = 1;
			};
			name = Release;
		};
/* End XCBuildConfiguration section */

/* Begin XCConfigurationList section */
		E87D1DB9290589310028EDA9 /* Build configuration list for PBXNativeTarget "MovieAppTests" */ = {
			isa = XCConfigurationList;
			buildConfigurations = (
				E87D1DBA290589310028EDA9 /* Debug */,
				E87D1DBB290589310028EDA9 /* Release */,
			);
			defaultConfigurationIsVisible = 0;
			defaultConfigurationName = Release;
		};
		E8DE8F0128FD4A470037598C /* Build configuration list for PBXProject "MovieApp" */ = {
			isa = XCConfigurationList;
			buildConfigurations = (
				E8DE8F1828FD4A480037598C /* Debug */,
				E8DE8F1928FD4A480037598C /* Release */,
			);
			defaultConfigurationIsVisible = 0;
			defaultConfigurationName = Release;
		};
		E8DE8F1A28FD4A480037598C /* Build configuration list for PBXNativeTarget "MovieApp" */ = {
			isa = XCConfigurationList;
			buildConfigurations = (
				E8DE8F1B28FD4A480037598C /* Debug */,
				E8DE8F1C28FD4A480037598C /* Release */,
			);
			defaultConfigurationIsVisible = 0;
			defaultConfigurationName = Release;
		};
/* End XCConfigurationList section */

/* Begin XCRemoteSwiftPackageReference section */
		E87D1DA62904406E0028EDA9 /* XCRemoteSwiftPackageReference "firebase-ios-sdk" */ = {
			isa = XCRemoteSwiftPackageReference;
			repositoryURL = "https://github.com/firebase/firebase-ios-sdk";
			requirement = {
				kind = upToNextMajorVersion;
				minimumVersion = 9.0.0;
			};
		};
		E8DE8F2128FD717C0037598C /* XCRemoteSwiftPackageReference "SnapKit" */ = {
			isa = XCRemoteSwiftPackageReference;
			repositoryURL = "https://github.com/SnapKit/SnapKit.git";
			requirement = {
				branch = develop;
				kind = branch;
			};
		};
		E8DE8F2428FD718C0037598C /* XCRemoteSwiftPackageReference "Alamofire" */ = {
			isa = XCRemoteSwiftPackageReference;
			repositoryURL = "https://github.com/Alamofire/Alamofire.git";
			requirement = {
				branch = master;
				kind = branch;
			};
		};
		E8DE8F2728FD71CC0037598C /* XCRemoteSwiftPackageReference "Kingfisher" */ = {
			isa = XCRemoteSwiftPackageReference;
			repositoryURL = "https://github.com/onevcat/Kingfisher.git";
			requirement = {
				kind = upToNextMajorVersion;
				minimumVersion = 7.0.0;
			};
		};
		E8DE8F3128FD8FB60037598C /* XCRemoteSwiftPackageReference "firebase-ios-sdk" */ = {
			isa = XCRemoteSwiftPackageReference;
			repositoryURL = "https://github.com/firebase/firebase-ios-sdk";
			requirement = {
				branch = master;
				kind = branch;
			};
		};
/* End XCRemoteSwiftPackageReference section */

/* Begin XCSwiftPackageProductDependency section */
		E87D1DA72904406E0028EDA9 /* FirebaseMessaging */ = {
			isa = XCSwiftPackageProductDependency;
			package = E87D1DA62904406E0028EDA9 /* XCRemoteSwiftPackageReference "firebase-ios-sdk" */;
			productName = FirebaseMessaging;
		};
		E8DE8F2228FD717C0037598C /* SnapKit */ = {
			isa = XCSwiftPackageProductDependency;
			package = E8DE8F2128FD717C0037598C /* XCRemoteSwiftPackageReference "SnapKit" */;
			productName = SnapKit;
		};
		E8DE8F2528FD718C0037598C /* Alamofire */ = {
			isa = XCSwiftPackageProductDependency;
			package = E8DE8F2428FD718C0037598C /* XCRemoteSwiftPackageReference "Alamofire" */;
			productName = Alamofire;
		};
		E8DE8F2828FD71CC0037598C /* Kingfisher */ = {
			isa = XCSwiftPackageProductDependency;
			package = E8DE8F2728FD71CC0037598C /* XCRemoteSwiftPackageReference "Kingfisher" */;
			productName = Kingfisher;
		};
		E8DE8F3228FD8FB60037598C /* FirebaseAnalytics */ = {
			isa = XCSwiftPackageProductDependency;
			package = E8DE8F3128FD8FB60037598C /* XCRemoteSwiftPackageReference "firebase-ios-sdk" */;
			productName = FirebaseAnalytics;
		};
		E8DE8F3428FD8FB60037598C /* FirebaseRemoteConfig */ = {
			isa = XCSwiftPackageProductDependency;
			package = E8DE8F3128FD8FB60037598C /* XCRemoteSwiftPackageReference "firebase-ios-sdk" */;
			productName = FirebaseRemoteConfig;
		};
/* End XCSwiftPackageProductDependency section */
	};
	rootObject = E8DE8EFE28FD4A470037598C /* Project object */;
}
